
Microsoft Visual Studio Solution File, Format Version 12.00
# Visual Studio Version 17
VisualStudioVersion = 17.9.34723.18
MinimumVisualStudioVersion = 10.0.40219.1
Project("{9A19103F-16F7-4668-BE54-9A1E7A4F7556}") = "RaiCLI", "RaiCLI\RaiCLI.csproj", "{3D9826CA-305C-48DD-AD02-47ABC02CBEFF}"
EndProject
Project("{9A19103F-16F7-4668-BE54-9A1E7A4F7556}") = "RaiCLI.Core", "RaiCLI.Core\RaiCLI.Core.csproj", "{E5B28C40-F0C0-4A09-9457-59C31F350BC6}"
EndProject
Project("{9A19103F-16F7-4668-BE54-9A1E7A4F7556}") = "RaiCLI.DbContext", "RaiCLI.DbContext\RaiCLI.DbContext.csproj", "{1A4F3C96-123F-4C5D-AB17-A4857DA5EC84}"
EndProject
Project("{FAE04EC0-301F-11D3-BF4B-00C04F79EFBC}") = "RaiCLI.AutoMapper", "RaiCLI.AutoMapper\RaiCLI.AutoMapper.csproj", "{B20368B5-9CAA-42F0-BB55-783C185A9C29}"
EndProject
Project("{FAE04EC0-301F-11D3-BF4B-00C04F79EFBC}") = "ExcelGenerator", "ExcelGenerator\ExcelGenerator.csproj", "{DA4935B0-0EB2-4D0B-BF32-5B01F65CDC77}"
EndProject
Project("{2150E333-8FDC-42A3-9474-1A3956D46DE8}") = "Solution Items", "Solution Items", "{D59710CC-51C5-4665-989D-434E4B451CE3}"
	ProjectSection(SolutionItems) = preProject
		.editorconfig = .editorconfig
	EndProjectSection
EndProject
Project("{FAE04EC0-301F-11D3-BF4B-00C04F79EFBC}") = "RaiCLI.PdfGeneratorFromHTML", "RaiCLI.PdfGenerator\RaiCLI.PdfGeneratorFromHTML.csproj", "{EC117481-8F62-414B-BF47-AE6F35975128}"
EndProject
Global
	GlobalSection(SolutionConfigurationPlatforms) = preSolution
		Debug|Any CPU = Debug|Any CPU
		Release|Any CPU = Release|Any CPU
	EndGlobalSection
	GlobalSection(ProjectConfigurationPlatforms) = postSolution
		{3D9826CA-305C-48DD-AD02-47ABC02CBEFF}.Debug|Any CPU.ActiveCfg = Debug|Any CPU
		{3D9826CA-305C-48DD-AD02-47ABC02CBEFF}.Debug|Any CPU.Build.0 = Debug|Any CPU
		{3D9826CA-305C-48DD-AD02-47ABC02CBEFF}.Release|Any CPU.ActiveCfg = Release|Any CPU
		{3D9826CA-305C-48DD-AD02-47ABC02CBEFF}.Release|Any CPU.Build.0 = Release|Any CPU
		{E5B28C40-F0C0-4A09-9457-59C31F350BC6}.Debug|Any CPU.ActiveCfg = Debug|Any CPU
		{E5B28C40-F0C0-4A09-9457-59C31F350BC6}.Debug|Any CPU.Build.0 = Debug|Any CPU
		{E5B28C40-F0C0-4A09-9457-59C31F350BC6}.Release|Any CPU.ActiveCfg = Release|Any CPU
		{E5B28C40-F0C0-4A09-9457-59C31F350BC6}.Release|Any CPU.Build.0 = Release|Any CPU
		{1A4F3C96-123F-4C5D-AB17-A4857DA5EC84}.Debug|Any CPU.ActiveCfg = Debug|Any CPU
		{1A4F3C96-123F-4C5D-AB17-A4857DA5EC84}.Debug|Any CPU.Build.0 = Debug|Any CPU
		{1A4F3C96-123F-4C5D-AB17-A4857DA5EC84}.Release|Any CPU.ActiveCfg = Release|Any CPU
		{1A4F3C96-123F-4C5D-AB17-A4857DA5EC84}.Release|Any CPU.Build.0 = Release|Any CPU
		{B20368B5-9CAA-42F0-BB55-783C185A9C29}.Debug|Any CPU.ActiveCfg = Debug|Any CPU
		{B20368B5-9CAA-42F0-BB55-783C185A9C29}.Debug|Any CPU.Build.0 = Debug|Any CPU
		{B20368B5-9CAA-42F0-BB55-783C185A9C29}.Release|Any CPU.ActiveCfg = Release|Any CPU
		{B20368B5-9CAA-42F0-BB55-783C185A9C29}.Release|Any CPU.Build.0 = Release|Any CPU
		{DA4935B0-0EB2-4D0B-BF32-5B01F65CDC77}.Debug|Any CPU.ActiveCfg = Debug|Any CPU
		{DA4935B0-0EB2-4D0B-BF32-5B01F65CDC77}.Debug|Any CPU.Build.0 = Debug|Any CPU
		{DA4935B0-0EB2-4D0B-BF32-5B01F65CDC77}.Release|Any CPU.ActiveCfg = Release|Any CPU
		{DA4935B0-0EB2-4D0B-BF32-5B01F65CDC77}.Release|Any CPU.Build.0 = Release|Any CPU
		{EC117481-8F62-414B-BF47-AE6F35975128}.Debug|Any CPU.ActiveCfg = Debug|Any CPU
		{EC117481-8F62-414B-BF47-AE6F35975128}.Debug|Any CPU.Build.0 = Debug|Any CPU
		{EC117481-8F62-414B-BF47-AE6F35975128}.Release|Any CPU.ActiveCfg = Release|Any CPU
		{EC117481-8F62-414B-BF47-AE6F35975128}.Release|Any CPU.Build.0 = Release|Any CPU
	EndGlobalSection
	GlobalSection(SolutionProperties) = preSolution
		HideSolutionNode = FALSE
	EndGlobalSection
	GlobalSection(ExtensibilityGlobals) = postSolution
		SolutionGuid = {644A1D08-79E9-48A3-940E-105B60DFC8C6}
	EndGlobalSection
EndGlobal
